
Microsoft Visual Studio Solution File, Format Version 12.00
# Visual Studio Version 17
VisualStudioVersion = 17.9.34622.214
MinimumVisualStudioVersion = 10.0.40219.1
Project("{FAE04EC0-301F-11D3-BF4B-00C04F79EFBC}") = "BasSProt", "BasSProt\BasSProt.csproj", "{A5807CAC-3BED-4C98-BAD9-71E15E266239}"
EndProject
Global
	GlobalSection(SolutionConfigurationPlatforms) = preSolution
		Debug|Any CPU = Debug|Any CPU
		Release|Any CPU = Release|Any CPU
	EndGlobalSection
	GlobalSection(ProjectConfigurationPlatforms) = postSolution
		{A5807CAC-3BED-4C98-BAD9-71E15E266239}.Debug|Any CPU.ActiveCfg = Debug|Any CPU
		{A5807CAC-3BED-4C98-BAD9-71E15E266239}.Debug|Any CPU.Build.0 = Debug|Any CPU
		{A5807CAC-3BED-4C98-BAD9-71E15E266239}.Release|Any CPU.ActiveCfg = Release|Any CPU
		{A5807CAC-3BED-4C98-BAD9-71E15E266239}.Release|Any CPU.Build.0 = Release|Any CPU
	EndGlobalSection
	GlobalSection(SolutionProperties) = preSolution
		HideSolutionNode = FALSE
	EndGlobalSection
	GlobalSection(ExtensibilityGlobals) = postSolution
		SolutionGuid = {DBD0758C-140E-4E2F-85AB-8EB2F13A363F}
	EndGlobalSection
EndGlobal
